
Microsoft Visual Studio Solution File, Format Version 12.00
# Visual Studio Version 17
VisualStudioVersion = 17.7.34009.444
MinimumVisualStudioVersion = 10.0.40219.1
Project("{8BC9CEB8-8B4A-11D0-8D11-00A0C91BC942}") = "gameofnim", "gameofnim.vcxproj", "{CD562CEB-40C9-4D68-A9A8-1578E98E031C}"
EndProject
Global
	GlobalSection(SolutionConfigurationPlatforms) = preSolution
		Debug|x64 = Debug|x64
		Debug|x86 = Debug|x86
		Release|x64 = Release|x64
		Release|x86 = Release|x86
	EndGlobalSection
	GlobalSection(ProjectConfigurationPlatforms) = postSolution
		{CD562CEB-40C9-4D68-A9A8-1578E98E031C}.Debug|x64.ActiveCfg = Debug|x64
		{CD562CEB-40C9-4D68-A9A8-1578E98E031C}.Debug|x64.Build.0 = Debug|x64
		{CD562CEB-40C9-4D68-A9A8-1578E98E031C}.Debug|x86.ActiveCfg = Debug|Win32
		{CD562CEB-40C9-4D68-A9A8-1578E98E031C}.Debug|x86.Build.0 = Debug|Win32
		{CD562CEB-40C9-4D68-A9A8-1578E98E031C}.Release|x64.ActiveCfg = Release|x64
		{CD562CEB-40C9-4D68-A9A8-1578E98E031C}.Release|x64.Build.0 = Release|x64
		{CD562CEB-40C9-4D68-A9A8-1578E98E031C}.Release|x86.ActiveCfg = Release|Win32
		{CD562CEB-40C9-4D68-A9A8-1578E98E031C}.Release|x86.Build.0 = Release|Win32
	EndGlobalSection
	GlobalSection(SolutionProperties) = preSolution
		HideSolutionNode = FALSE
	EndGlobalSection
	GlobalSection(ExtensibilityGlobals) = postSolution
		SolutionGuid = {AE379BC6-3E5A-41EA-9C63-CF0A7B6D9D7F}
	EndGlobalSection
EndGlobal
